
Microsoft Visual Studio Solution File, Format Version 12.00
# Visual Studio Version 17
VisualStudioVersion = 17.11.35222.181
MinimumVisualStudioVersion = 10.0.40219.1
Project("{FAE04EC0-301F-11D3-BF4B-00C04F79EFBC}") = "MiCalculadora.Server", "MiCalculadora.Server\MiCalculadora.Server.csproj", "{982FF5C9-8F4C-462C-AB80-4892D5E17B9D}"
EndProject
Project("{54A90642-561A-4BB1-A94E-469ADEE60C69}") = "micalculadora.client", "micalculadora.client\micalculadora.client.esproj", "{9C112336-95FB-4D7A-96F4-3B3F720C6155}"
EndProject
Global
	GlobalSection(SolutionConfigurationPlatforms) = preSolution
		Debug|Any CPU = Debug|Any CPU
		Release|Any CPU = Release|Any CPU
	EndGlobalSection
	GlobalSection(ProjectConfigurationPlatforms) = postSolution
		{982FF5C9-8F4C-462C-AB80-4892D5E17B9D}.Debug|Any CPU.ActiveCfg = Debug|Any CPU
		{982FF5C9-8F4C-462C-AB80-4892D5E17B9D}.Debug|Any CPU.Build.0 = Debug|Any CPU
		{982FF5C9-8F4C-462C-AB80-4892D5E17B9D}.Release|Any CPU.ActiveCfg = Release|Any CPU
		{982FF5C9-8F4C-462C-AB80-4892D5E17B9D}.Release|Any CPU.Build.0 = Release|Any CPU
		{9C112336-95FB-4D7A-96F4-3B3F720C6155}.Debug|Any CPU.ActiveCfg = Debug|Any CPU
		{9C112336-95FB-4D7A-96F4-3B3F720C6155}.Debug|Any CPU.Build.0 = Debug|Any CPU
		{9C112336-95FB-4D7A-96F4-3B3F720C6155}.Debug|Any CPU.Deploy.0 = Debug|Any CPU
		{9C112336-95FB-4D7A-96F4-3B3F720C6155}.Release|Any CPU.ActiveCfg = Release|Any CPU
		{9C112336-95FB-4D7A-96F4-3B3F720C6155}.Release|Any CPU.Build.0 = Release|Any CPU
		{9C112336-95FB-4D7A-96F4-3B3F720C6155}.Release|Any CPU.Deploy.0 = Release|Any CPU
	EndGlobalSection
	GlobalSection(SolutionProperties) = preSolution
		HideSolutionNode = FALSE
	EndGlobalSection
	GlobalSection(ExtensibilityGlobals) = postSolution
		SolutionGuid = {EF861AAE-9461-41E8-B50A-5BDBBA7CC1CC}
	EndGlobalSection
EndGlobal
